
Microsoft Visual Studio Solution File, Format Version 12.00
# Visual Studio Version 16
VisualStudioVersion = 16.0.29609.76
MinimumVisualStudioVersion = 10.0.40219.1
Project("{9A19103F-16F7-4668-BE54-9A1E7A4F7556}") = "DotNetCore.CAP.Abp", "src\DotNetCore.CAP.Abp\DotNetCore.CAP.Abp.csproj", "{44DD1426-8EE1-459B-9C0E-CEF49DD51674}"
EndProject
Global
	GlobalSection(SolutionConfigurationPlatforms) = preSolution
		Debug|Any CPU = Debug|Any CPU
		Release|Any CPU = Release|Any CPU
	EndGlobalSection
	GlobalSection(ProjectConfigurationPlatforms) = postSolution
		{44DD1426-8EE1-459B-9C0E-CEF49DD51674}.Debug|Any CPU.ActiveCfg = Debug|Any CPU
		{44DD1426-8EE1-459B-9C0E-CEF49DD51674}.Debug|Any CPU.Build.0 = Debug|Any CPU
		{44DD1426-8EE1-459B-9C0E-CEF49DD51674}.Release|Any CPU.ActiveCfg = Release|Any CPU
		{44DD1426-8EE1-459B-9C0E-CEF49DD51674}.Release|Any CPU.Build.0 = Release|Any CPU
	EndGlobalSection
	GlobalSection(SolutionProperties) = preSolution
		HideSolutionNode = FALSE
	EndGlobalSection
	GlobalSection(ExtensibilityGlobals) = postSolution
		SolutionGuid = {97805FC8-B0DF-4423-B75C-0A2945FA2417}
	EndGlobalSection
EndGlobal
